{
  "requires": true,
  "lockfileVersion": 1,
  "dependencies": {
    "axios": {
      "version": "0.21.1",
      "resolved": "https://artifacthub-phx.oci.oraclecorp.com/api/npm/npmjs-remote/axios/-/axios-0.21.1.tgz",
      "integrity": "sha1-IlY0gZYvTWvemnbVFu8OXTwJsrg=",
      "requires": {
        "follow-redirects": "^1.10.0"
      }
    },
    "follow-redirects": {
      "version": "1.14.1",
      "resolved": "https://artifacthub-phx.oci.oraclecorp.com/api/npm/npmjs-remote/follow-redirects/-/follow-redirects-1.14.1.tgz",
      "integrity": "sha1-2RFN7Qoc/dM04WTmZirQK/2R/0M="
    },
    "redux-devtools-extension": {
      "version": "2.13.9",
      "resolved": "https://artifacthub-phx.oci.oraclecorp.com/api/npm/npmjs-remote/redux-devtools-extension/-/redux-devtools-extension-2.13.9.tgz",
      "integrity": "sha1-a3ZOgCi1B63LdaHK55D3Hmvgiuc="
    }
  }
}
